{
  "pins" : [
    {
      "identity" : "ffmpegkit",
      "kind" : "remoteSourceControl",
      "location" : "https://github.com/nicolastinkl/FFmpegKit.git",
      "state" : {
        "branch" : "main",
        "revision" : "d8f584fcf7f78fb047342dfdfaec30a90317e5a2"
      }
    }
  ],
  "version" : 2
}
